
Microsoft Visual Studio Solution File, Format Version 12.00
# Visual Studio Version 16
VisualStudioVersion = 16.0.31613.86
MinimumVisualStudioVersion = 10.0.40219.1
Project("{9A19103F-16F7-4668-BE54-9A1E7A4F7556}") = "library-api", "src\library-api.csproj", "{FB519F82-4B4B-453F-9B6F-A55E72EDF352}"
EndProject
Project("{FAE04EC0-301F-11D3-BF4B-00C04F79EFBC}") = "Library.Tests", "tests\Library.Tests\Library.Tests.csproj", "{5E352916-2DAF-4014-AEF7-9FEA97318E6B}"
EndProject
Global
	GlobalSection(SolutionConfigurationPlatforms) = preSolution
		Debug|Any CPU = Debug|Any CPU
		Release|Any CPU = Release|Any CPU
	EndGlobalSection
	GlobalSection(ProjectConfigurationPlatforms) = postSolution
		{FB519F82-4B4B-453F-9B6F-A55E72EDF352}.Debug|Any CPU.ActiveCfg = Debug|Any CPU
		{FB519F82-4B4B-453F-9B6F-A55E72EDF352}.Debug|Any CPU.Build.0 = Debug|Any CPU
		{FB519F82-4B4B-453F-9B6F-A55E72EDF352}.Release|Any CPU.ActiveCfg = Release|Any CPU
		{FB519F82-4B4B-453F-9B6F-A55E72EDF352}.Release|Any CPU.Build.0 = Release|Any CPU
		{5E352916-2DAF-4014-AEF7-9FEA97318E6B}.Debug|Any CPU.ActiveCfg = Debug|Any CPU
		{5E352916-2DAF-4014-AEF7-9FEA97318E6B}.Debug|Any CPU.Build.0 = Debug|Any CPU
		{5E352916-2DAF-4014-AEF7-9FEA97318E6B}.Release|Any CPU.ActiveCfg = Release|Any CPU
		{5E352916-2DAF-4014-AEF7-9FEA97318E6B}.Release|Any CPU.Build.0 = Release|Any CPU
	EndGlobalSection
	GlobalSection(SolutionProperties) = preSolution
		HideSolutionNode = FALSE
	EndGlobalSection
	GlobalSection(ExtensibilityGlobals) = postSolution
		SolutionGuid = {D5024F55-E114-48B7-8189-CE3817CD877A}
	EndGlobalSection
EndGlobal
